// !$*UTF8*$!
{
	archiveVersion = 1;
	classes = {
	};
	objectVersion = 46;
	objects = {

/* Begin PBXBuildFile section */
		3C0B08901EB2DBDE00C1A713 /* AppDelegate.swift in Sources */ = {isa = PBXBuildFile; fileRef = 3C0B088F1EB2DBDE00C1A713 /* AppDelegate.swift */; };
		3C0B08921EB2DBDE00C1A713 /* ViewController.swift in Sources */ = {isa = PBXBuildFile; fileRef = 3C0B08911EB2DBDE00C1A713 /* ViewController.swift */; };
		3C0B08951EB2DBDE00C1A713 /* Main.storyboard in Resources */ = {isa = PBXBuildFile; fileRef = 3C0B08931EB2DBDE00C1A713 /* Main.storyboard */; };
		3C0B08971EB2DBDE00C1A713 /* Assets.xcassets in Resources */ = {isa = PBXBuildFile; fileRef = 3C0B08961EB2DBDE00C1A713 /* Assets.xcassets */; };
		3C0B089A1EB2DBDE00C1A713 /* LaunchScreen.storyboard in Resources */ = {isa = PBXBuildFile; fileRef = 3C0B08981EB2DBDE00C1A713 /* LaunchScreen.storyboard */; };
		3C0B08A51EB2DBDE00C1A713 /* YFRefreshTests.swift in Sources */ = {isa = PBXBuildFile; fileRef = 3C0B08A41EB2DBDE00C1A713 /* YFRefreshTests.swift */; };
		3C0B08B01EB2DBDE00C1A713 /* YFRefreshUITests.swift in Sources */ = {isa = PBXBuildFile; fileRef = 3C0B08AF1EB2DBDE00C1A713 /* YFRefreshUITests.swift */; };
/* End PBXBuildFile section */

/* Begin PBXContainerItemProxy section */
		3C0B08A11EB2DBDE00C1A713 /* PBXContainerItemProxy */ = {
			isa = PBXContainerItemProxy;
			containerPortal = 3C0B08841EB2DBDE00C1A713 /* Project object */;
			proxyType = 1;
			remoteGlobalIDString = 3C0B088B1EB2DBDE00C1A713;
			remoteInfo = YFRefresh;
		};
		3C0B08AC1EB2DBDE00C1A713 /* PBXContainerItemProxy */ = {
			isa = PBXContainerItemProxy;
			containerPortal = 3C0B08841EB2DBDE00C1A713 /* Project object */;
			proxyType = 1;
			remoteGlobalIDString = 3C0B088B1EB2DBDE00C1A713;
			remoteInfo = YFRefresh;
		};
/* End PBXContainerItemProxy section */

/* Begin PBXFileReference section */
		3C0B088C1EB2DBDE00C1A713 /* YFRefresh.app */ = {isa = PBXFileReference; explicitFileType = wrapper.application; includeInIndex = 0; path = YFRefresh.app; sourceTree = BUILT_PRODUCTS_DIR; };
		3C0B088F1EB2DBDE00C1A713 /* AppDelegate.swift */ = {isa = PBXFileReference; lastKnownFileType = sourcecode.swift; path = AppDelegate.swift; sourceTree = "<group>"; };
		3C0B08911EB2DBDE00C1A713 /* ViewController.swift */ = {isa = PBXFileReference; lastKnownFileType = sourcecode.swift; path = ViewController.swift; sourceTree = "<group>"; };
		3C0B08941EB2DBDE00C1A713 /* Base */ = {isa = PBXFileReference; lastKnownFileType = file.storyboard; name = Base; path = Base.lproj/Main.storyboard; sourceTree = "<group>"; };
		3C0B08961EB2DBDE00C1A713 /* Assets.xcassets */ = {isa = PBXFileReference; lastKnownFileType = folder.assetcatalog; path = Assets.xcassets; sourceTree = "<group>"; };
		3C0B08991EB2DBDE00C1A713 /* Base */ = {isa = PBXFileReference; lastKnownFileType = file.storyboard; name = Base; path = Base.lproj/LaunchScreen.storyboard; sourceTree = "<group>"; };
		3C0B089B1EB2DBDE00C1A713 /* Info.plist */ = {isa = PBXFileReference; lastKnownFileType = text.plist.xml; path = Info.plist; sourceTree = "<group>"; };
		3C0B08A01EB2DBDE00C1A713 /* YFRefreshTests.xctest */ = {isa = PBXFileReference; explicitFileType = wrapper.cfbundle; includeInIndex = 0; path = YFRefreshTests.xctest; sourceTree = BUILT_PRODUCTS_DIR; };
		3C0B08A41EB2DBDE00C1A713 /* YFRefreshTests.swift */ = {isa = PBXFileReference; lastKnownFileType = sourcecode.swift; path = YFRefreshTests.swift; sourceTree = "<group>"; };
		3C0B08A61EB2DBDE00C1A713 /* Info.plist */ = {isa = PBXFileReference; lastKnownFileType = text.plist.xml; path = Info.plist; sourceTree = "<group>"; };
		3C0B08AB1EB2DBDE00C1A713 /* YFRefreshUITests.xctest */ = {isa = PBXFileReference; explicitFileType = wrapper.cfbundle; includeInIndex = 0; path = YFRefreshUITests.xctest; sourceTree = BUILT_PRODUCTS_DIR; };
		3C0B08AF1EB2DBDE00C1A713 /* YFRefreshUITests.swift */ = {isa = PBXFileReference; lastKnownFileType = sourcecode.swift; path = YFRefreshUITests.swift; sourceTree = "<group>"; };
		3C0B08B11EB2DBDE00C1A713 /* Info.plist */ = {isa = PBXFileReference; lastKnownFileType = text.plist.xml; path = Info.plist; sourceTree = "<group>"; };
/* End PBXFileReference section */

/* Begin PBXFrameworksBuildPhase section */
		3C0B08891EB2DBDE00C1A713 /* Frameworks */ = {
			isa = PBXFrameworksBuildPhase;
			buildActionMask = 2147483647;
			files = (
			);
			runOnlyForDeploymentPostprocessing = 0;
		};
		3C0B089D1EB2DBDE00C1A713 /* Frameworks */ = {
			isa = PBXFrameworksBuildPhase;
			buildActionMask = 2147483647;
			files = (
			);
			runOnlyForDeploymentPostprocessing = 0;
		};
		3C0B08A81EB2DBDE00C1A713 /* Frameworks */ = {
			isa = PBXFrameworksBuildPhase;
			buildActionMask = 2147483647;
			files = (
			);
			runOnlyForDeploymentPostprocessing = 0;
		};
/* End PBXFrameworksBuildPhase section */

/* Begin PBXGroup section */
		3C0B08831EB2DBDE00C1A713 = {
			isa = PBXGroup;
			children = (
				3C0B088E1EB2DBDE00C1A713 /* YFRefresh */,
				3C0B08A31EB2DBDE00C1A713 /* YFRefreshTests */,
				3C0B08AE1EB2DBDE00C1A713 /* YFRefreshUITests */,
				3C0B088D1EB2DBDE00C1A713 /* Products */,
			);
			sourceTree = "<group>";
		};
		3C0B088D1EB2DBDE00C1A713 /* Products */ = {
			isa = PBXGroup;
			children = (
				3C0B088C1EB2DBDE00C1A713 /* YFRefresh.app */,
				3C0B08A01EB2DBDE00C1A713 /* YFRefreshTests.xctest */,
				3C0B08AB1EB2DBDE00C1A713 /* YFRefreshUITests.xctest */,
			);
			name = Products;
			sourceTree = "<group>";
		};
		3C0B088E1EB2DBDE00C1A713 /* YFRefresh */ = {
			isa = PBXGroup;
			children = (
				3C0B088F1EB2DBDE00C1A713 /* AppDelegate.swift */,
				3C0B08911EB2DBDE00C1A713 /* ViewController.swift */,
				3C0B08931EB2DBDE00C1A713 /* Main.storyboard */,
				3C0B08961EB2DBDE00C1A713 /* Assets.xcassets */,
				3C0B08981EB2DBDE00C1A713 /* LaunchScreen.storyboard */,
				3C0B089B1EB2DBDE00C1A713 /* Info.plist */,
			);
			path = YFRefresh;
			sourceTree = "<group>";
		};
		3C0B08A31EB2DBDE00C1A713 /* YFRefreshTests */ = {
			isa = PBXGroup;
			children = (
				3C0B08A41EB2DBDE00C1A713 /* YFRefreshTests.swift */,
				3C0B08A61EB2DBDE00C1A713 /* Info.plist */,
			);
			path = YFRefreshTests;
			sourceTree = "<group>";
		};
		3C0B08AE1EB2DBDE00C1A713 /* YFRefreshUITests */ = {
			isa = PBXGroup;
			children = (
				3C0B08AF1EB2DBDE00C1A713 /* YFRefreshUITests.swift */,
				3C0B08B11EB2DBDE00C1A713 /* Info.plist */,
			);
			path = YFRefreshUITests;
			sourceTree = "<group>";
		};
/* End PBXGroup section */

/* Begin PBXNativeTarget section */
		3C0B088B1EB2DBDE00C1A713 /* YFRefresh */ = {
			isa = PBXNativeTarget;
			buildConfigurationList = 3C0B08B41EB2DBDE00C1A713 /* Build configuration list for PBXNativeTarget "YFRefresh" */;
			buildPhases = (
				3C0B08881EB2DBDE00C1A713 /* Sources */,
				3C0B08891EB2DBDE00C1A713 /* Frameworks */,
				3C0B088A1EB2DBDE00C1A713 /* Resources */,
			);
			buildRules = (
			);
			dependencies = (
			);
			name = YFRefresh;
			productName = YFRefresh;
			productReference = 3C0B088C1EB2DBDE00C1A713 /* YFRefresh.app */;
			productType = "com.apple.product-type.application";
		};
		3C0B089F1EB2DBDE00C1A713 /* YFRefreshTests */ = {
			isa = PBXNativeTarget;
			buildConfigurationList = 3C0B08B71EB2DBDE00C1A713 /* Build configuration list for PBXNativeTarget "YFRefreshTests" */;
			buildPhases = (
				3C0B089C1EB2DBDE00C1A713 /* Sources */,
				3C0B089D1EB2DBDE00C1A713 /* Frameworks */,
				3C0B089E1EB2DBDE00C1A713 /* Resources */,
			);
			buildRules = (
			);
			dependencies = (
				3C0B08A21EB2DBDE00C1A713 /* PBXTargetDependency */,
			);
			name = YFRefreshTests;
			productName = YFRefreshTests;
			productReference = 3C0B08A01EB2DBDE00C1A713 /* YFRefreshTests.xctest */;
			productType = "com.apple.product-type.bundle.unit-test";
		};
		3C0B08AA1EB2DBDE00C1A713 /* YFRefreshUITests */ = {
			isa = PBXNativeTarget;
			buildConfigurationList = 3C0B08BA1EB2DBDE00C1A713 /* Build configuration list for PBXNativeTarget "YFRefreshUITests" */;
			buildPhases = (
				3C0B08A71EB2DBDE00C1A713 /* Sources */,
				3C0B08A81EB2DBDE00C1A713 /* Frameworks */,
				3C0B08A91EB2DBDE00C1A713 /* Resources */,
			);
			buildRules = (
			);
			dependencies = (
				3C0B08AD1EB2DBDE00C1A713 /* PBXTargetDependency */,
			);
			name = YFRefreshUITests;
			productName = YFRefreshUITests;
			productReference = 3C0B08AB1EB2DBDE00C1A713 /* YFRefreshUITests.xctest */;
			productType = "com.apple.product-type.bundle.ui-testing";
		};
/* End PBXNativeTarget section */

/* Begin PBXProject section */
		3C0B08841EB2DBDE00C1A713 /* Project object */ = {
			isa = PBXProject;
			attributes = {
				LastSwiftUpdateCheck = 0830;
				LastUpgradeCheck = 0830;
				ORGANIZATIONNAME = YangFan;
				TargetAttributes = {
					3C0B088B1EB2DBDE00C1A713 = {
						CreatedOnToolsVersion = 8.3.1;
						DevelopmentTeam = FN5RQSTW98;
						ProvisioningStyle = Automatic;
					};
					3C0B089F1EB2DBDE00C1A713 = {
						CreatedOnToolsVersion = 8.3.1;
						ProvisioningStyle = Automatic;
						TestTargetID = 3C0B088B1EB2DBDE00C1A713;
					};
					3C0B08AA1EB2DBDE00C1A713 = {
						CreatedOnToolsVersion = 8.3.1;
						ProvisioningStyle = Automatic;
						TestTargetID = 3C0B088B1EB2DBDE00C1A713;
					};
				};
			};
			buildConfigurationList = 3C0B08871EB2DBDE00C1A713 /* Build configuration list for PBXProject "YFRefresh" */;
			compatibilityVersion = "Xcode 3.2";
			developmentRegion = English;
			hasScannedForEncodings = 0;
			knownRegions = (
				en,
				Base,
			);
			mainGroup = 3C0B08831EB2DBDE00C1A713;
			productRefGroup = 3C0B088D1EB2DBDE00C1A713 /* Products */;
			projectDirPath = "";
			projectRoot = "";
			targets = (
				3C0B088B1EB2DBDE00C1A713 /* YFRefresh */,
				3C0B089F1EB2DBDE00C1A713 /* YFRefreshTests */,
				3C0B08AA1EB2DBDE00C1A713 /* YFRefreshUITests */,
			);
		};
/* End PBXProject section */

/* Begin PBXResourcesBuildPhase section */
		3C0B088A1EB2DBDE00C1A713 /* Resources */ = {
			isa = PBXResourcesBuildPhase;
			buildActionMask = 2147483647;
			files = (
				3C0B089A1EB2DBDE00C1A713 /* LaunchScreen.storyboard in Resources */,
				3C0B08971EB2DBDE00C1A713 /* Assets.xcassets in Resources */,
				3C0B08951EB2DBDE00C1A713 /* Main.storyboard in Resources */,
			);
			runOnlyForDeploymentPostprocessing = 0;
		};
		3C0B089E1EB2DBDE00C1A713 /* Resources */ = {
			isa = PBXResourcesBuildPhase;
			buildActionMask = 2147483647;
			files = (
			);
			runOnlyForDeploymentPostprocessing = 0;
		};
		3C0B08A91EB2DBDE00C1A713 /* Resources */ = {
			isa = PBXResourcesBuildPhase;
			buildActionMask = 2147483647;
			files = (
			);
			runOnlyForDeploymentPostprocessing = 0;
		};
/* End PBXResourcesBuildPhase section */

/* Begin PBXSourcesBuildPhase section */
		3C0B08881EB2DBDE00C1A713 /* Sources */ = {
			isa = PBXSourcesBuildPhase;
			buildActionMask = 2147483647;
			files = (
				3C0B08921EB2DBDE00C1A713 /* ViewController.swift in Sources */,
				3C0B08901EB2DBDE00C1A713 /* AppDelegate.swift in Sources */,
			);
			runOnlyForDeploymentPostprocessing = 0;
		};
		3C0B089C1EB2DBDE00C1A713 /* Sources */ = {
			isa = PBXSourcesBuildPhase;
			buildActionMask = 2147483647;
			files = (
				3C0B08A51EB2DBDE00C1A713 /* YFRefreshTests.swift in Sources */,
			);
			runOnlyForDeploymentPostprocessing = 0;
		};
		3C0B08A71EB2DBDE00C1A713 /* Sources */ = {
			isa = PBXSourcesBuildPhase;
			buildActionMask = 2147483647;
			files = (
				3C0B08B01EB2DBDE00C1A713 /* YFRefreshUITests.swift in Sources */,
			);
			runOnlyForDeploymentPostprocessing = 0;
		};
/* End PBXSourcesBuildPhase section */

/* Begin PBXTargetDependency section */
		3C0B08A21EB2DBDE00C1A713 /* PBXTargetDependency */ = {
			isa = PBXTargetDependency;
			target = 3C0B088B1EB2DBDE00C1A713 /* YFRefresh */;
			targetProxy = 3C0B08A11EB2DBDE00C1A713 /* PBXContainerItemProxy */;
		};
		3C0B08AD1EB2DBDE00C1A713 /* PBXTargetDependency */ = {
			isa = PBXTargetDependency;
			target = 3C0B088B1EB2DBDE00C1A713 /* YFRefresh */;
			targetProxy = 3C0B08AC1EB2DBDE00C1A713 /* PBXContainerItemProxy */;
		};
/* End PBXTargetDependency section */

/* Begin PBXVariantGroup section */
		3C0B08931EB2DBDE00C1A713 /* Main.storyboard */ = {
			isa = PBXVariantGroup;
			children = (
				3C0B08941EB2DBDE00C1A713 /* Base */,
			);
			name = Main.storyboard;
			sourceTree = "<group>";
		};
		3C0B08981EB2DBDE00C1A713 /* LaunchScreen.storyboard */ = {
			isa = PBXVariantGroup;
			children = (
				3C0B08991EB2DBDE00C1A713 /* Base */,
			);
			name = LaunchScreen.storyboard;
			sourceTree = "<group>";
		};
/* End PBXVariantGroup section */

/* Begin XCBuildConfiguration section */
		3C0B08B21EB2DBDE00C1A713 /* Debug */ = {
			isa = XCBuildConfiguration;
			buildSettings = {
				ALWAYS_SEARCH_USER_PATHS = NO;
				CLANG_ANALYZER_NONNULL = YES;
				CLANG_ANALYZER_NUMBER_OBJECT_CONVERSION = YES_AGGRESSIVE;
				CLANG_CXX_LANGUAGE_STANDARD = "gnu++0x";
				CLANG_CXX_LIBRARY = "libc++";
				CLANG_ENABLE_MODULES = YES;
				CLANG_ENABLE_OBJC_ARC = YES;
				CLANG_WARN_BOOL_CONVERSION = YES;
				CLANG_WARN_CONSTANT_CONVERSION = YES;
				CLANG_WARN_DIRECT_OBJC_ISA_USAGE = YES_ERROR;
				CLANG_WARN_DOCUMENTATION_COMMENTS = YES;
				CLANG_WARN_EMPTY_BODY = YES;
				CLANG_WARN_ENUM_CONVERSION = YES;
				CLANG_WARN_INFINITE_RECURSION = YES;
				CLANG_WARN_INT_CONVERSION = YES;
				CLANG_WARN_OBJC_ROOT_CLASS = YES_ERROR;
				CLANG_WARN_SUSPICIOUS_MOVE = YES;
				CLANG_WARN_UNREACHABLE_CODE = YES;
				CLANG_WARN__DUPLICATE_METHOD_MATCH = YES;
				"CODE_SIGN_IDENTITY[sdk=iphoneos*]" = "iPhone Developer";
				COPY_PHASE_STRIP = NO;
				DEBUG_INFORMATION_FORMAT = dwarf;
				ENABLE_STRICT_OBJC_MSGSEND = YES;
				ENABLE_TESTABILITY = YES;
				GCC_C_LANGUAGE_STANDARD = gnu99;
				GCC_DYNAMIC_NO_PIC = NO;
				GCC_NO_COMMON_BLOCKS = YES;
				GCC_OPTIMIZATION_LEVEL = 0;
				GCC_PREPROCESSOR_DEFINITIONS = (
					"DEBUG=1",
					"$(inherited)",
				);
				GCC_WARN_64_TO_32_BIT_CONVERSION = YES;
				GCC_WARN_ABOUT_RETURN_TYPE = YES_ERROR;
				GCC_WARN_UNDECLARED_SELECTOR = YES;
				GCC_WARN_UNINITIALIZED_AUTOS = YES_AGGRESSIVE;
				GCC_WARN_UNUSED_FUNCTION = YES;
				GCC_WARN_UNUSED_VARIABLE = YES;
				IPHONEOS_DEPLOYMENT_TARGET = 10.3;
				MTL_ENABLE_DEBUG_INFO = YES;
				ONLY_ACTIVE_ARCH = YES;
				SDKROOT = iphoneos;
				SWIFT_ACTIVE_COMPILATION_CONDITIONS = DEBUG;
				SWIFT_OPTIMIZATION_LEVEL = "-Onone";
			};
			name = Debug;
		};
		3C0B08B31EB2DBDE00C1A713 /* Release */ = {
			isa = XCBuildConfiguration;
			buildSettings = {
				ALWAYS_SEARCH_USER_PATHS = NO;
				CLANG_ANALYZER_NONNULL = YES;
				CLANG_ANALYZER_NUMBER_OBJECT_CONVERSION = YES_AGGRESSIVE;
				CLANG_CXX_LANGUAGE_STANDARD = "gnu++0x";
				CLANG_CXX_LIBRARY = "libc++";
				CLANG_ENABLE_MODULES = YES;
				CLANG_ENABLE_OBJC_ARC = YES;
				CLANG_WARN_BOOL_CONVERSION = YES;
				CLANG_WARN_CONSTANT_CONVERSION = YES;
				CLANG_WARN_DIRECT_OBJC_ISA_USAGE = YES_ERROR;
				CLANG_WARN_DOCUMENTATION_COMMENTS = YES;
				CLANG_WARN_EMPTY_BODY = YES;
				CLANG_WARN_ENUM_CONVERSION = YES;
				CLANG_WARN_INFINITE_RECURSION = YES;
				CLANG_WARN_INT_CONVERSION = YES;
				CLANG_WARN_OBJC_ROOT_CLASS = YES_ERROR;
				CLANG_WARN_SUSPICIOUS_MOVE = YES;
				CLANG_WARN_UNREACHABLE_CODE = YES;
				CLANG_WARN__DUPLICATE_METHOD_MATCH = YES;
				"CODE_SIGN_IDENTITY[sdk=iphoneos*]" = "iPhone Developer";
				COPY_PHASE_STRIP = NO;
				DEBUG_INFORMATION_FORMAT = "dwarf-with-dsym";
				ENABLE_NS_ASSERTIONS = NO;
				ENABLE_STRICT_OBJC_MSGSEND = YES;
				GCC_C_LANGUAGE_STANDARD = gnu99;
				GCC_NO_COMMON_BLOCKS = YES;
				GCC_WARN_64_TO_32_BIT_CONVERSION = YES;
				GCC_WARN_ABOUT_RETURN_TYPE = YES_ERROR;
				GCC_WARN_UNDECLARED_SELECTOR = YES;
				GCC_WARN_UNINITIALIZED_AUTOS = YES_AGGRESSIVE;
				GCC_WARN_UNUSED_FUNCTION = YES;
				GCC_WARN_UNUSED_VARIABLE = YES;
				IPHONEOS_DEPLOYMENT_TARGET = 10.3;
				MTL_ENABLE_DEBUG_INFO = NO;
				SDKROOT = iphoneos;
				SWIFT_OPTIMIZATION_LEVEL = "-Owholemodule";
				VALIDATE_PRODUCT = YES;
			};
			name = Release;
		};
		3C0B08B51EB2DBDE00C1A713 /* Debug */ = {
			isa = XCBuildConfiguration;
			buildSettings = {
				ASSETCATALOG_COMPILER_APPICON_NAME = AppIcon;
				DEVELOPMENT_TEAM = FN5RQSTW98;
				INFOPLIST_FILE = YFRefresh/Info.plist;
				LD_RUNPATH_SEARCH_PATHS = "$(inherited) @executable_path/Frameworks";
				PRODUCT_BUNDLE_IDENTIFIER = coderman.YFRefresh;
				PRODUCT_NAME = "$(TARGET_NAME)";
				SWIFT_VERSION = 3.0;
			};
			name = Debug;
		};
		3C0B08B61EB2DBDE00C1A713 /* Release */ = {
			isa = XCBuildConfiguration;
			buildSettings = {
				ASSETCATALOG_COMPILER_APPICON_NAME = AppIcon;
				DEVELOPMENT_TEAM = FN5RQSTW98;
				INFOPLIST_FILE = YFRefresh/Info.plist;
				LD_RUNPATH_SEARCH_PATHS = "$(inherited) @executable_path/Frameworks";
				PRODUCT_BUNDLE_IDENTIFIER = coderman.YFRefresh;
				PRODUCT_NAME = "$(TARGET_NAME)";
				SWIFT_VERSION = 3.0;
			};
			name = Release;
		};
		3C0B08B81EB2DBDE00C1A713 /* Debug */ = {
			isa = XCBuildConfiguration;
			buildSettings = {
				ALWAYS_EMBED_SWIFT_STANDARD_LIBRARIES = YES;
				BUNDLE_LOADER = "$(TEST_HOST)";
				INFOPLIST_FILE = YFRefreshTests/Info.plist;
				LD_RUNPATH_SEARCH_PATHS = "$(inherited) @executable_path/Frameworks @loader_path/Frameworks";
				PRODUCT_BUNDLE_IDENTIFIER = coderman.YFRefreshTests;
				PRODUCT_NAME = "$(TARGET_NAME)";
				SWIFT_VERSION = 3.0;
				TEST_HOST = "$(BUILT_PRODUCTS_DIR)/YFRefresh.app/YFRefresh";
			};
			name = Debug;
		};
		3C0B08B91EB2DBDE00C1A713 /* Release */ = {
			isa = XCBuildConfiguration;
			buildSettings = {
				ALWAYS_EMBED_SWIFT_STANDARD_LIBRARIES = YES;
				BUNDLE_LOADER = "$(TEST_HOST)";
				INFOPLIST_FILE = YFRefreshTests/Info.plist;
				LD_RUNPATH_SEARCH_PATHS = "$(inherited) @executable_path/Frameworks @loader_path/Frameworks";
				PRODUCT_BUNDLE_IDENTIFIER = coderman.YFRefreshTests;
				PRODUCT_NAME = "$(TARGET_NAME)";
				SWIFT_VERSION = 3.0;
				TEST_HOST = "$(BUILT_PRODUCTS_DIR)/YFRefresh.app/YFRefresh";
			};
			name = Release;
		};
		3C0B08BB1EB2DBDE00C1A713 /* Debug */ = {
			isa = XCBuildConfiguration;
			buildSettings = {
				ALWAYS_EMBED_SWIFT_STANDARD_LIBRARIES = YES;
				INFOPLIST_FILE = YFRefreshUITests/Info.plist;
				LD_RUNPATH_SEARCH_PATHS = "$(inherited) @executable_path/Frameworks @loader_path/Frameworks";
				PRODUCT_BUNDLE_IDENTIFIER = coderman.YFRefreshUITests;
				PRODUCT_NAME = "$(TARGET_NAME)";
				SWIFT_VERSION = 3.0;
				TEST_TARGET_NAME = YFRefresh;
			};
			name = Debug;
		};
		3C0B08BC1EB2DBDE00C1A713 /* Release */ = {
			isa = XCBuildConfiguration;
			buildSettings = {
				ALWAYS_EMBED_SWIFT_STANDARD_LIBRARIES = YES;
				INFOPLIST_FILE = YFRefreshUITests/Info.plist;
				LD_RUNPATH_SEARCH_PATHS = "$(inherited) @executable_path/Frameworks @loader_path/Frameworks";
				PRODUCT_BUNDLE_IDENTIFIER = coderman.YFRefreshUITests;
				PRODUCT_NAME = "$(TARGET_NAME)";
				SWIFT_VERSION = 3.0;
				TEST_TARGET_NAME = YFRefresh;
			};
			name = Release;
		};
/* End XCBuildConfiguration section */

/* Begin XCConfigurationList section */
		3C0B08871EB2DBDE00C1A713 /* Build configuration list for PBXProject "YFRefresh" */ = {
			isa = XCConfigurationList;
			buildConfigurations = (
				3C0B08B21EB2DBDE00C1A713 /* Debug */,
				3C0B08B31EB2DBDE00C1A713 /* Release */,
			);
			defaultConfigurationIsVisible = 0;
			defaultConfigurationName = Release;
		};
		3C0B08B41EB2DBDE00C1A713 /* Build configuration list for PBXNativeTarget "YFRefresh" */ = {
			isa = XCConfigurationList;
			buildConfigurations = (
				3C0B08B51EB2DBDE00C1A713 /* Debug */,
				3C0B08B61EB2DBDE00C1A713 /* Release */,
			);
			defaultConfigurationIsVisible = 0;
		};
		3C0B08B71EB2DBDE00C1A713 /* Build configuration list for PBXNativeTarget "YFRefreshTests" */ = {
			isa = XCConfigurationList;
			buildConfigurations = (
				3C0B08B81EB2DBDE00C1A713 /* Debug */,
				3C0B08B91EB2DBDE00C1A713 /* Release */,
			);
			defaultConfigurationIsVisible = 0;
		};
		3C0B08BA1EB2DBDE00C1A713 /* Build configuration list for PBXNativeTarget "YFRefreshUITests" */ = {
			isa = XCConfigurationList;
			buildConfigurations = (
				3C0B08BB1EB2DBDE00C1A713 /* Debug */,
				3C0B08BC1EB2DBDE00C1A713 /* Release */,
			);
			defaultConfigurationIsVisible = 0;
		};
/* End XCConfigurationList section */
	};
	rootObject = 3C0B08841EB2DBDE00C1A713 /* Project object */;
}
